
Microsoft Visual Studio Solution File, Format Version 12.00
# Visual Studio Version 17
VisualStudioVersion = 17.8.34330.188
MinimumVisualStudioVersion = 10.0.40219.1
Project("{FAE04EC0-301F-11D3-BF4B-00C04F79EFBC}") = "LeggyDialogueLibNetStandard", "LeggyDialogueLibNetStandard\LeggyDialogueLibNetStandard.csproj", "{024A0591-64CB-48D2-A81F-D6B071F4057C}"
EndProject
Global
	GlobalSection(SolutionConfigurationPlatforms) = preSolution
		Debug|Any CPU = Debug|Any CPU
		Release|Any CPU = Release|Any CPU
	EndGlobalSection
	GlobalSection(ProjectConfigurationPlatforms) = postSolution
		{024A0591-64CB-48D2-A81F-D6B071F4057C}.Debug|Any CPU.ActiveCfg = Debug|Any CPU
		{024A0591-64CB-48D2-A81F-D6B071F4057C}.Debug|Any CPU.Build.0 = Debug|Any CPU
		{024A0591-64CB-48D2-A81F-D6B071F4057C}.Release|Any CPU.ActiveCfg = Release|Any CPU
		{024A0591-64CB-48D2-A81F-D6B071F4057C}.Release|Any CPU.Build.0 = Release|Any CPU
	EndGlobalSection
	GlobalSection(SolutionProperties) = preSolution
		HideSolutionNode = FALSE
	EndGlobalSection
	GlobalSection(ExtensibilityGlobals) = postSolution
		SolutionGuid = {6FADB0F4-3EF7-4136-A508-3F7166931A0D}
	EndGlobalSection
EndGlobal
